
Microsoft Visual Studio Solution File, Format Version 12.00
# Visual Studio Version 16
VisualStudioVersion = 16.0.33529.622
MinimumVisualStudioVersion = 10.0.40219.1
Project("{FAE04EC0-301F-11D3-BF4B-00C04F79EFBC}") = "KR2_ShershunovD", "KR2_ShershunovD\KR2_ShershunovD.csproj", "{404DF703-EDAB-4235-96BA-705793326E04}"
EndProject
Global
	GlobalSection(SolutionConfigurationPlatforms) = preSolution
		Debug|Any CPU = Debug|Any CPU
		Release|Any CPU = Release|Any CPU
	EndGlobalSection
	GlobalSection(ProjectConfigurationPlatforms) = postSolution
		{404DF703-EDAB-4235-96BA-705793326E04}.Debug|Any CPU.ActiveCfg = Debug|Any CPU
		{404DF703-EDAB-4235-96BA-705793326E04}.Debug|Any CPU.Build.0 = Debug|Any CPU
		{404DF703-EDAB-4235-96BA-705793326E04}.Release|Any CPU.ActiveCfg = Release|Any CPU
		{404DF703-EDAB-4235-96BA-705793326E04}.Release|Any CPU.Build.0 = Release|Any CPU
	EndGlobalSection
	GlobalSection(SolutionProperties) = preSolution
		HideSolutionNode = FALSE
	EndGlobalSection
	GlobalSection(ExtensibilityGlobals) = postSolution
		SolutionGuid = {253DB105-1BDD-4B5E-A2AB-9111E815CCB3}
	EndGlobalSection
EndGlobal
